<Solution>
  <Folder Name="/RepositoryDocuments/">
    <File Path=".dockerignore" />
    <File Path=".gitignore" />
    <File Path="LICENSE" />
    <File Path="README.md" />
  </Folder>
  <Project Path="JoBot.Ai/JoBot.Ai.csproj" />
  <Project Path="JoBot.App/JoBot.App.csproj" />
  <Project Path="JoBot.Core/JoBot.Core.csproj" />
  <Project Path="JoBot.Data/JoBot.Data.csproj" />
  <Project Path="JoBot.Discord/JoBot.Discord.csproj" />
  <Project Path="JoBot.Services/JoBot.Services.csproj" />
  <Project Path="JoBot.Subsonic/JoBot.Subsonic.csproj" />
  <Project Path="JoBot.YouTube/JoBot.YouTube.csproj" />
</Solution>
